
Microsoft Visual Studio Solution File, Format Version 12.00
# Visual Studio 15
VisualStudioVersion = 15.0.26124.0
MinimumVisualStudioVersion = 15.0.26124.0
Project("{2150E333-8FDC-42A3-9474-1A3956D46DE8}") = "src", "src", "{788731C9-CE59-4971-BD7C-21DCC965E3C2}"
EndProject
Project("{F2A71F9B-5D33-465A-A702-920D77279786}") = "SECD", "src\SECD\SECD.fsproj", "{84651613-DC43-4154-8066-A8CD582FFEFD}"
EndProject
Project("{F2A71F9B-5D33-465A-A702-920D77279786}") = "Tests", "src\Tests\Tests.fsproj", "{A76043E8-1381-4113-A9FD-F5B2FB9381E6}"
EndProject
Project("{F2A71F9B-5D33-465A-A702-920D77279786}") = "ParserCombinator", "src\ParserCombinator\ParserCombinator.fsproj", "{0C95E488-6071-42B6-9165-477F312FE826}"
EndProject
Project("{F2A71F9B-5D33-465A-A702-920D77279786}") = "Psyche.Compiler", "src\Psyche.Compiler\Psyche.Compiler.fsproj", "{1A45A04B-6B34-4791-B2E0-833A7F850B6B}"
EndProject
Project("{F2A71F9B-5D33-465A-A702-920D77279786}") = "Psyche.Interpreter", "src\Psyche.Interpreter\Psyche.Interpreter.fsproj", "{DBF17D90-1830-45FB-9ECD-1E5878939774}"
EndProject
Project("{F2A71F9B-5D33-465A-A702-920D77279786}") = "Parser", "src\Parser\Parser.fsproj", "{D0D657E9-6F0D-4135-86AB-19F14EF5FE4F}"
EndProject
Global
	GlobalSection(SolutionConfigurationPlatforms) = preSolution
		Debug|Any CPU = Debug|Any CPU
		Debug|x64 = Debug|x64
		Debug|x86 = Debug|x86
		Release|Any CPU = Release|Any CPU
		Release|x64 = Release|x64
		Release|x86 = Release|x86
	EndGlobalSection
	GlobalSection(SolutionProperties) = preSolution
		HideSolutionNode = FALSE
	EndGlobalSection
	GlobalSection(ProjectConfigurationPlatforms) = postSolution
		{84651613-DC43-4154-8066-A8CD582FFEFD}.Debug|Any CPU.ActiveCfg = Debug|Any CPU
		{84651613-DC43-4154-8066-A8CD582FFEFD}.Debug|Any CPU.Build.0 = Debug|Any CPU
		{84651613-DC43-4154-8066-A8CD582FFEFD}.Debug|x64.ActiveCfg = Debug|Any CPU
		{84651613-DC43-4154-8066-A8CD582FFEFD}.Debug|x64.Build.0 = Debug|Any CPU
		{84651613-DC43-4154-8066-A8CD582FFEFD}.Debug|x86.ActiveCfg = Debug|Any CPU
		{84651613-DC43-4154-8066-A8CD582FFEFD}.Debug|x86.Build.0 = Debug|Any CPU
		{84651613-DC43-4154-8066-A8CD582FFEFD}.Release|Any CPU.ActiveCfg = Release|Any CPU
		{84651613-DC43-4154-8066-A8CD582FFEFD}.Release|Any CPU.Build.0 = Release|Any CPU
		{84651613-DC43-4154-8066-A8CD582FFEFD}.Release|x64.ActiveCfg = Release|Any CPU
		{84651613-DC43-4154-8066-A8CD582FFEFD}.Release|x64.Build.0 = Release|Any CPU
		{84651613-DC43-4154-8066-A8CD582FFEFD}.Release|x86.ActiveCfg = Release|Any CPU
		{84651613-DC43-4154-8066-A8CD582FFEFD}.Release|x86.Build.0 = Release|Any CPU
		{A76043E8-1381-4113-A9FD-F5B2FB9381E6}.Debug|Any CPU.ActiveCfg = Debug|Any CPU
		{A76043E8-1381-4113-A9FD-F5B2FB9381E6}.Debug|Any CPU.Build.0 = Debug|Any CPU
		{A76043E8-1381-4113-A9FD-F5B2FB9381E6}.Debug|x64.ActiveCfg = Debug|Any CPU
		{A76043E8-1381-4113-A9FD-F5B2FB9381E6}.Debug|x64.Build.0 = Debug|Any CPU
		{A76043E8-1381-4113-A9FD-F5B2FB9381E6}.Debug|x86.ActiveCfg = Debug|Any CPU
		{A76043E8-1381-4113-A9FD-F5B2FB9381E6}.Debug|x86.Build.0 = Debug|Any CPU
		{A76043E8-1381-4113-A9FD-F5B2FB9381E6}.Release|Any CPU.ActiveCfg = Release|Any CPU
		{A76043E8-1381-4113-A9FD-F5B2FB9381E6}.Release|Any CPU.Build.0 = Release|Any CPU
		{A76043E8-1381-4113-A9FD-F5B2FB9381E6}.Release|x64.ActiveCfg = Release|Any CPU
		{A76043E8-1381-4113-A9FD-F5B2FB9381E6}.Release|x64.Build.0 = Release|Any CPU
		{A76043E8-1381-4113-A9FD-F5B2FB9381E6}.Release|x86.ActiveCfg = Release|Any CPU
		{A76043E8-1381-4113-A9FD-F5B2FB9381E6}.Release|x86.Build.0 = Release|Any CPU
		{0C95E488-6071-42B6-9165-477F312FE826}.Debug|Any CPU.ActiveCfg = Debug|Any CPU
		{0C95E488-6071-42B6-9165-477F312FE826}.Debug|Any CPU.Build.0 = Debug|Any CPU
		{0C95E488-6071-42B6-9165-477F312FE826}.Debug|x64.ActiveCfg = Debug|Any CPU
		{0C95E488-6071-42B6-9165-477F312FE826}.Debug|x64.Build.0 = Debug|Any CPU
		{0C95E488-6071-42B6-9165-477F312FE826}.Debug|x86.ActiveCfg = Debug|Any CPU
		{0C95E488-6071-42B6-9165-477F312FE826}.Debug|x86.Build.0 = Debug|Any CPU
		{0C95E488-6071-42B6-9165-477F312FE826}.Release|Any CPU.ActiveCfg = Release|Any CPU
		{0C95E488-6071-42B6-9165-477F312FE826}.Release|Any CPU.Build.0 = Release|Any CPU
		{0C95E488-6071-42B6-9165-477F312FE826}.Release|x64.ActiveCfg = Release|Any CPU
		{0C95E488-6071-42B6-9165-477F312FE826}.Release|x64.Build.0 = Release|Any CPU
		{0C95E488-6071-42B6-9165-477F312FE826}.Release|x86.ActiveCfg = Release|Any CPU
		{0C95E488-6071-42B6-9165-477F312FE826}.Release|x86.Build.0 = Release|Any CPU
		{1A45A04B-6B34-4791-B2E0-833A7F850B6B}.Debug|Any CPU.ActiveCfg = Debug|Any CPU
		{1A45A04B-6B34-4791-B2E0-833A7F850B6B}.Debug|Any CPU.Build.0 = Debug|Any CPU
		{1A45A04B-6B34-4791-B2E0-833A7F850B6B}.Debug|x64.ActiveCfg = Debug|Any CPU
		{1A45A04B-6B34-4791-B2E0-833A7F850B6B}.Debug|x64.Build.0 = Debug|Any CPU
		{1A45A04B-6B34-4791-B2E0-833A7F850B6B}.Debug|x86.ActiveCfg = Debug|Any CPU
		{1A45A04B-6B34-4791-B2E0-833A7F850B6B}.Debug|x86.Build.0 = Debug|Any CPU
		{1A45A04B-6B34-4791-B2E0-833A7F850B6B}.Release|Any CPU.ActiveCfg = Release|Any CPU
		{1A45A04B-6B34-4791-B2E0-833A7F850B6B}.Release|Any CPU.Build.0 = Release|Any CPU
		{1A45A04B-6B34-4791-B2E0-833A7F850B6B}.Release|x64.ActiveCfg = Release|Any CPU
		{1A45A04B-6B34-4791-B2E0-833A7F850B6B}.Release|x64.Build.0 = Release|Any CPU
		{1A45A04B-6B34-4791-B2E0-833A7F850B6B}.Release|x86.ActiveCfg = Release|Any CPU
		{1A45A04B-6B34-4791-B2E0-833A7F850B6B}.Release|x86.Build.0 = Release|Any CPU
		{DBF17D90-1830-45FB-9ECD-1E5878939774}.Debug|Any CPU.ActiveCfg = Debug|Any CPU
		{DBF17D90-1830-45FB-9ECD-1E5878939774}.Debug|Any CPU.Build.0 = Debug|Any CPU
		{DBF17D90-1830-45FB-9ECD-1E5878939774}.Debug|x64.ActiveCfg = Debug|Any CPU
		{DBF17D90-1830-45FB-9ECD-1E5878939774}.Debug|x64.Build.0 = Debug|Any CPU
		{DBF17D90-1830-45FB-9ECD-1E5878939774}.Debug|x86.ActiveCfg = Debug|Any CPU
		{DBF17D90-1830-45FB-9ECD-1E5878939774}.Debug|x86.Build.0 = Debug|Any CPU
		{DBF17D90-1830-45FB-9ECD-1E5878939774}.Release|Any CPU.ActiveCfg = Release|Any CPU
		{DBF17D90-1830-45FB-9ECD-1E5878939774}.Release|Any CPU.Build.0 = Release|Any CPU
		{DBF17D90-1830-45FB-9ECD-1E5878939774}.Release|x64.ActiveCfg = Release|Any CPU
		{DBF17D90-1830-45FB-9ECD-1E5878939774}.Release|x64.Build.0 = Release|Any CPU
		{DBF17D90-1830-45FB-9ECD-1E5878939774}.Release|x86.ActiveCfg = Release|Any CPU
		{DBF17D90-1830-45FB-9ECD-1E5878939774}.Release|x86.Build.0 = Release|Any CPU
		{D0D657E9-6F0D-4135-86AB-19F14EF5FE4F}.Debug|Any CPU.ActiveCfg = Debug|Any CPU
		{D0D657E9-6F0D-4135-86AB-19F14EF5FE4F}.Debug|Any CPU.Build.0 = Debug|Any CPU
		{D0D657E9-6F0D-4135-86AB-19F14EF5FE4F}.Debug|x64.ActiveCfg = Debug|Any CPU
		{D0D657E9-6F0D-4135-86AB-19F14EF5FE4F}.Debug|x64.Build.0 = Debug|Any CPU
		{D0D657E9-6F0D-4135-86AB-19F14EF5FE4F}.Debug|x86.ActiveCfg = Debug|Any CPU
		{D0D657E9-6F0D-4135-86AB-19F14EF5FE4F}.Debug|x86.Build.0 = Debug|Any CPU
		{D0D657E9-6F0D-4135-86AB-19F14EF5FE4F}.Release|Any CPU.ActiveCfg = Release|Any CPU
		{D0D657E9-6F0D-4135-86AB-19F14EF5FE4F}.Release|Any CPU.Build.0 = Release|Any CPU
		{D0D657E9-6F0D-4135-86AB-19F14EF5FE4F}.Release|x64.ActiveCfg = Release|Any CPU
		{D0D657E9-6F0D-4135-86AB-19F14EF5FE4F}.Release|x64.Build.0 = Release|Any CPU
		{D0D657E9-6F0D-4135-86AB-19F14EF5FE4F}.Release|x86.ActiveCfg = Release|Any CPU
		{D0D657E9-6F0D-4135-86AB-19F14EF5FE4F}.Release|x86.Build.0 = Release|Any CPU
	EndGlobalSection
	GlobalSection(NestedProjects) = preSolution
		{84651613-DC43-4154-8066-A8CD582FFEFD} = {788731C9-CE59-4971-BD7C-21DCC965E3C2}
		{A76043E8-1381-4113-A9FD-F5B2FB9381E6} = {788731C9-CE59-4971-BD7C-21DCC965E3C2}
		{0C95E488-6071-42B6-9165-477F312FE826} = {788731C9-CE59-4971-BD7C-21DCC965E3C2}
		{1A45A04B-6B34-4791-B2E0-833A7F850B6B} = {788731C9-CE59-4971-BD7C-21DCC965E3C2}
		{DBF17D90-1830-45FB-9ECD-1E5878939774} = {788731C9-CE59-4971-BD7C-21DCC965E3C2}
		{D0D657E9-6F0D-4135-86AB-19F14EF5FE4F} = {788731C9-CE59-4971-BD7C-21DCC965E3C2}
	EndGlobalSection
EndGlobal
